
Microsoft Visual Studio Solution File, Format Version 12.00
# Visual Studio Version 16
VisualStudioVersion = 16.0.31229.75
MinimumVisualStudioVersion = 10.0.40219.1
Project("{FAE04EC0-301F-11D3-BF4B-00C04F79EFBC}") = "Vehicle.Service", "Vehicle.Service\Vehicle.Service.csproj", "{AB894EC6-797D-42E4-B015-1236326DBE4A}"
EndProject
Project("{FAE04EC0-301F-11D3-BF4B-00C04F79EFBC}") = "Vehicle.Client", "Vehicle.Client\Vehicle.Client.csproj", "{DCE3E5A8-61A1-4A43-B170-A89CA8183D55}"
EndProject
Global
	GlobalSection(SolutionConfigurationPlatforms) = preSolution
		Debug|Any CPU = Debug|Any CPU
		Release|Any CPU = Release|Any CPU
	EndGlobalSection
	GlobalSection(ProjectConfigurationPlatforms) = postSolution
		{AB894EC6-797D-42E4-B015-1236326DBE4A}.Debug|Any CPU.ActiveCfg = Debug|Any CPU
		{AB894EC6-797D-42E4-B015-1236326DBE4A}.Debug|Any CPU.Build.0 = Debug|Any CPU
		{AB894EC6-797D-42E4-B015-1236326DBE4A}.Release|Any CPU.ActiveCfg = Release|Any CPU
		{AB894EC6-797D-42E4-B015-1236326DBE4A}.Release|Any CPU.Build.0 = Release|Any CPU
		{DCE3E5A8-61A1-4A43-B170-A89CA8183D55}.Debug|Any CPU.ActiveCfg = Debug|Any CPU
		{DCE3E5A8-61A1-4A43-B170-A89CA8183D55}.Debug|Any CPU.Build.0 = Debug|Any CPU
		{DCE3E5A8-61A1-4A43-B170-A89CA8183D55}.Release|Any CPU.ActiveCfg = Release|Any CPU
		{DCE3E5A8-61A1-4A43-B170-A89CA8183D55}.Release|Any CPU.Build.0 = Release|Any CPU
	EndGlobalSection
	GlobalSection(SolutionProperties) = preSolution
		HideSolutionNode = FALSE
	EndGlobalSection
	GlobalSection(ExtensibilityGlobals) = postSolution
		SolutionGuid = {17B0E535-E855-40C7-B064-3A1FD9E40DE6}
	EndGlobalSection
EndGlobal
